
Microsoft Visual Studio Solution File, Format Version 12.00
# Visual Studio Version 16
VisualStudioVersion = 16.0.30523.141
MinimumVisualStudioVersion = 10.0.40219.1
Project("{888888A0-9F3D-457C-B088-3A5042F75D52}") = "QR_BAR_Django", "QR_BAR_Django.pyproj", "{BEA73F11-3CC5-4128-81D4-418276682A54}"
EndProject
Global
	GlobalSection(SolutionConfigurationPlatforms) = preSolution
		Debug|Any CPU = Debug|Any CPU
		Release|Any CPU = Release|Any CPU
	EndGlobalSection
	GlobalSection(ProjectConfigurationPlatforms) = postSolution
		{BEA73F11-3CC5-4128-81D4-418276682A54}.Debug|Any CPU.ActiveCfg = Debug|Any CPU
		{BEA73F11-3CC5-4128-81D4-418276682A54}.Debug|Any CPU.Build.0 = Debug|Any CPU
		{BEA73F11-3CC5-4128-81D4-418276682A54}.Release|Any CPU.ActiveCfg = Release|Any CPU
		{BEA73F11-3CC5-4128-81D4-418276682A54}.Release|Any CPU.Build.0 = Release|Any CPU
	EndGlobalSection
	GlobalSection(SolutionProperties) = preSolution
		HideSolutionNode = FALSE
	EndGlobalSection
	GlobalSection(ExtensibilityGlobals) = postSolution
		SolutionGuid = {1B9286CB-41E7-4172-89B6-8C5AF49DEBE6}
	EndGlobalSection
EndGlobal
